Microsoft Visual Studio Solution File, Format Version 11.00
# Visual Studio 2008

Project("{67683C82-5DD8-C7AA-187B-EF5E0A176826}") = "Mythe2016", "Assembly-CSharp.csproj", "{21D2CC28-EB98-B678-449E-1A3AF7B2EFC3}"
EndProject
Global
	GlobalSection(SolutionConfigurationPlatforms) = preSolution
		Debug|Any CPU = Debug|Any CPU
		Release|Any CPU = Release|Any CPU
	EndGlobalSection
	GlobalSection(ProjectConfigurationPlatforms) = postSolution
		{21D2CC28-EB98-B678-449E-1A3AF7B2EFC3}.Debug|Any CPU.ActiveCfg = Debug|Any CPU
		{21D2CC28-EB98-B678-449E-1A3AF7B2EFC3}.Debug|Any CPU.Build.0 = Debug|Any CPU
		{21D2CC28-EB98-B678-449E-1A3AF7B2EFC3}.Release|Any CPU.ActiveCfg = Release|Any CPU
		{21D2CC28-EB98-B678-449E-1A3AF7B2EFC3}.Release|Any CPU.Build.0 = Release|Any CPU
	EndGlobalSection
	GlobalSection(SolutionProperties) = preSolution
		HideSolutionNode = FALSE
	EndGlobalSection
	
EndGlobal
